
Microsoft Visual Studio Solution File, Format Version 12.00
# Visual Studio 15
VisualStudioVersion = 15.0.28010.2016
MinimumVisualStudioVersion = 10.0.40219.1
Project("{8BC9CEB8-8B4A-11D0-8D11-00A0C91BC942}") = "MinAuto", "MinAuto\MinAuto.vcxproj", "{FB205F60-FD15-442A-9C64-50A0D6A07BA0}"
EndProject
Global
	GlobalSection(SolutionConfigurationPlatforms) = preSolution
		Debug|x64 = Debug|x64
		Debug|x86 = Debug|x86
		Release|x64 = Release|x64
		Release|x86 = Release|x86
	EndGlobalSection
	GlobalSection(ProjectConfigurationPlatforms) = postSolution
		{FB205F60-FD15-442A-9C64-50A0D6A07BA0}.Debug|x64.ActiveCfg = Debug|x64
		{FB205F60-FD15-442A-9C64-50A0D6A07BA0}.Debug|x64.Build.0 = Debug|x64
		{FB205F60-FD15-442A-9C64-50A0D6A07BA0}.Debug|x86.ActiveCfg = Debug|Win32
		{FB205F60-FD15-442A-9C64-50A0D6A07BA0}.Debug|x86.Build.0 = Debug|Win32
		{FB205F60-FD15-442A-9C64-50A0D6A07BA0}.Release|x64.ActiveCfg = Release|x64
		{FB205F60-FD15-442A-9C64-50A0D6A07BA0}.Release|x64.Build.0 = Release|x64
		{FB205F60-FD15-442A-9C64-50A0D6A07BA0}.Release|x86.ActiveCfg = Release|Win32
		{FB205F60-FD15-442A-9C64-50A0D6A07BA0}.Release|x86.Build.0 = Release|Win32
	EndGlobalSection
	GlobalSection(SolutionProperties) = preSolution
		HideSolutionNode = FALSE
	EndGlobalSection
	GlobalSection(ExtensibilityGlobals) = postSolution
		SolutionGuid = {A7A388E8-ADFF-4C12-8686-A6BC85C8A394}
	EndGlobalSection
EndGlobal
